
Microsoft Visual Studio Solution File, Format Version 12.00
# Visual Studio Version 16
VisualStudioVersion = 16.0.29411.108
MinimumVisualStudioVersion = 10.0.40219.1
Project("{FAE04EC0-301F-11D3-BF4B-00C04F79EFBC}") = "WPFUserControlLibrary", "WpfUserControlLibrary\WPFUserControlLibrary.csproj", "{818F113A-9BA9-4738-B765-D8ED16B35403}"
EndProject
Project("{FAE04EC0-301F-11D3-BF4B-00C04F79EFBC}") = "WPFCustomControlLibrary", "WpfCustomControlLibrary\WPFCustomControlLibrary.csproj", "{DEBD1EAA-46A9-4F36-A44B-6E8533DC9F19}"
EndProject
Project("{FAE04EC0-301F-11D3-BF4B-00C04F79EFBC}") = "DataAccessLayer", "DataAccessLayer\DataAccessLayer.csproj", "{4E68B1C7-2420-49B9-9B34-295A01B715D0}"
EndProject
Project("{FAE04EC0-301F-11D3-BF4B-00C04F79EFBC}") = "Model", "Model\Model.csproj", "{2D6730FD-75DA-473A-841B-C5D6AC173C24}"
EndProject
Project("{2150E333-8FDC-42A3-9474-1A3956D46DE8}") = "DAL", "DAL", "{A605C178-4726-4440-9881-6DDDDA8790E1}"
EndProject
Project("{FAE04EC0-301F-11D3-BF4B-00C04F79EFBC}") = "PublicLibrary", "PublicLibrary\PublicLibrary.csproj", "{6A7D7307-FF8C-4C62-A41C-5AA7589697C2}"
EndProject
Project("{2150E333-8FDC-42A3-9474-1A3956D46DE8}") = "Nodes", "Nodes", "{6679E79A-CB2E-4450-BE72-F575E681F9AF}"
EndProject
Project("{FAE04EC0-301F-11D3-BF4B-00C04F79EFBC}") = "InfoNode", "InfoNode\InfoNode.csproj", "{53EBE073-F03A-4511-ACF2-A28CF23FBA65}"
EndProject
Project("{FAE04EC0-301F-11D3-BF4B-00C04F79EFBC}") = "InterfaceLibrary", "InterfaceLibrary\InterfaceLibrary.csproj", "{631DCF44-5241-457A-A484-93115C32ED81}"
EndProject
Project("{FAE04EC0-301F-11D3-BF4B-00C04F79EFBC}") = "SystemLibrary", "SystemLibrary\SystemLibrary.csproj", "{D953BBC5-50AD-481B-9979-8C7B9653751C}"
EndProject
Project("{FAE04EC0-301F-11D3-BF4B-00C04F79EFBC}") = "NodeFactoryLibrary", "NodeFactoryLibrary\NodeFactoryLibrary.csproj", "{4C27CD8B-D041-4D1A-B470-2FEDE18DBB91}"
EndProject
Project("{2150E333-8FDC-42A3-9474-1A3956D46DE8}") = "UserControl", "UserControl", "{1F730B5C-F9A8-4E98-B6E5-6B09897DDEFF}"
EndProject
Project("{FAE04EC0-301F-11D3-BF4B-00C04F79EFBC}") = "WPFSuperTreeView", "WPFSuperTreeView\WPFSuperTreeView.csproj", "{E5FCC21E-6BFF-472C-8636-7240937C99CB}"
EndProject
Project("{FAE04EC0-301F-11D3-BF4B-00C04F79EFBC}") = "WPFDBInfoTab", "TabView\WPFDBInfoTab.csproj", "{2B6CC15E-8FAD-4294-944F-D3775402819A}"
EndProject
Project("{FAE04EC0-301F-11D3-BF4B-00C04F79EFBC}") = "WPFSuperRichTextBox", "WPFSuperRichTextBox\WPFSuperRichTextBox.csproj", "{6AC15925-A8B0-4FC6-BB9B-5B1971DC12EF}"
EndProject
Project("{FAE04EC0-301F-11D3-BF4B-00C04F79EFBC}") = "WPFToolBar", "WPFToolBar\WPFToolBar.csproj", "{48ADA52A-123D-4BC9-B57B-D320F2EC3745}"
EndProject
Project("{FAE04EC0-301F-11D3-BF4B-00C04F79EFBC}") = "WPFCustomCommands", "WPFCustomCommands\WPFCustomCommands.csproj", "{6ACEC94F-0D5B-4B2A-89DE-74B4128AD9E3}"
EndProject
Project("{FAE04EC0-301F-11D3-BF4B-00C04F79EFBC}") = "LabelNode", "LabelNode\LabelNode.csproj", "{AECEB6F6-2FAC-41C7-BA6A-C69EE9B35B91}"
EndProject
Project("{FAE04EC0-301F-11D3-BF4B-00C04F79EFBC}") = "MyInfoBase", "MyInfoBase\MyInfoBase.csproj", "{B5AA86A0-5CA4-482C-88C9-F6BB4C863FFB}"
EndProject
Project("{FAE04EC0-301F-11D3-BF4B-00C04F79EFBC}") = "WPFMessageBoxView", "WPFMessageBoxView\WPFMessageBoxView.csproj", "{1B056A77-4BDC-4A12-BAE8-F50B6009FCF5}"
EndProject
Project("{54435603-DBB4-11D2-8724-00A0C9A8B90C}") = "Setup", "Setup\Setup.vdproj", "{F6B56A27-0BF7-41DF-99BF-A76DC2DBBEBA}"
EndProject
Global
	GlobalSection(SolutionConfigurationPlatforms) = preSolution
		Debug|Any CPU = Debug|Any CPU
		Debug|x64 = Debug|x64
		Debug|x86 = Debug|x86
		Release|Any CPU = Release|Any CPU
		Release|x64 = Release|x64
		Release|x86 = Release|x86
	EndGlobalSection
	GlobalSection(ProjectConfigurationPlatforms) = postSolution
		{818F113A-9BA9-4738-B765-D8ED16B35403}.Debug|Any CPU.ActiveCfg = Debug|Any CPU
		{818F113A-9BA9-4738-B765-D8ED16B35403}.Debug|Any CPU.Build.0 = Debug|Any CPU
		{818F113A-9BA9-4738-B765-D8ED16B35403}.Debug|x64.ActiveCfg = Debug|x64
		{818F113A-9BA9-4738-B765-D8ED16B35403}.Debug|x64.Build.0 = Debug|x64
		{818F113A-9BA9-4738-B765-D8ED16B35403}.Debug|x86.ActiveCfg = Debug|x86
		{818F113A-9BA9-4738-B765-D8ED16B35403}.Debug|x86.Build.0 = Debug|x86
		{818F113A-9BA9-4738-B765-D8ED16B35403}.Release|Any CPU.ActiveCfg = Release|Any CPU
		{818F113A-9BA9-4738-B765-D8ED16B35403}.Release|Any CPU.Build.0 = Release|Any CPU
		{818F113A-9BA9-4738-B765-D8ED16B35403}.Release|x64.ActiveCfg = Release|x64
		{818F113A-9BA9-4738-B765-D8ED16B35403}.Release|x64.Build.0 = Release|x64
		{818F113A-9BA9-4738-B765-D8ED16B35403}.Release|x86.ActiveCfg = Release|x86
		{818F113A-9BA9-4738-B765-D8ED16B35403}.Release|x86.Build.0 = Release|x86
		{DEBD1EAA-46A9-4F36-A44B-6E8533DC9F19}.Debug|Any CPU.ActiveCfg = Debug|Any CPU
		{DEBD1EAA-46A9-4F36-A44B-6E8533DC9F19}.Debug|Any CPU.Build.0 = Debug|Any CPU
		{DEBD1EAA-46A9-4F36-A44B-6E8533DC9F19}.Debug|x64.ActiveCfg = Debug|x64
		{DEBD1EAA-46A9-4F36-A44B-6E8533DC9F19}.Debug|x64.Build.0 = Debug|x64
		{DEBD1EAA-46A9-4F36-A44B-6E8533DC9F19}.Debug|x86.ActiveCfg = Debug|x86
		{DEBD1EAA-46A9-4F36-A44B-6E8533DC9F19}.Debug|x86.Build.0 = Debug|x86
		{DEBD1EAA-46A9-4F36-A44B-6E8533DC9F19}.Release|Any CPU.ActiveCfg = Release|Any CPU
		{DEBD1EAA-46A9-4F36-A44B-6E8533DC9F19}.Release|Any CPU.Build.0 = Release|Any CPU
		{DEBD1EAA-46A9-4F36-A44B-6E8533DC9F19}.Release|x64.ActiveCfg = Release|x64
		{DEBD1EAA-46A9-4F36-A44B-6E8533DC9F19}.Release|x64.Build.0 = Release|x64
		{DEBD1EAA-46A9-4F36-A44B-6E8533DC9F19}.Release|x86.ActiveCfg = Release|x86
		{DEBD1EAA-46A9-4F36-A44B-6E8533DC9F19}.Release|x86.Build.0 = Release|x86
		{4E68B1C7-2420-49B9-9B34-295A01B715D0}.Debug|Any CPU.ActiveCfg = Debug|Any CPU
		{4E68B1C7-2420-49B9-9B34-295A01B715D0}.Debug|Any CPU.Build.0 = Debug|Any CPU
		{4E68B1C7-2420-49B9-9B34-295A01B715D0}.Debug|x64.ActiveCfg = Debug|x64
		{4E68B1C7-2420-49B9-9B34-295A01B715D0}.Debug|x64.Build.0 = Debug|x64
		{4E68B1C7-2420-49B9-9B34-295A01B715D0}.Debug|x86.ActiveCfg = Debug|x86
		{4E68B1C7-2420-49B9-9B34-295A01B715D0}.Debug|x86.Build.0 = Debug|x86
		{4E68B1C7-2420-49B9-9B34-295A01B715D0}.Release|Any CPU.ActiveCfg = Release|Any CPU
		{4E68B1C7-2420-49B9-9B34-295A01B715D0}.Release|Any CPU.Build.0 = Release|Any CPU
		{4E68B1C7-2420-49B9-9B34-295A01B715D0}.Release|x64.ActiveCfg = Release|x64
		{4E68B1C7-2420-49B9-9B34-295A01B715D0}.Release|x64.Build.0 = Release|x64
		{4E68B1C7-2420-49B9-9B34-295A01B715D0}.Release|x86.ActiveCfg = Release|x86
		{4E68B1C7-2420-49B9-9B34-295A01B715D0}.Release|x86.Build.0 = Release|x86
		{2D6730FD-75DA-473A-841B-C5D6AC173C24}.Debug|Any CPU.ActiveCfg = Debug|Any CPU
		{2D6730FD-75DA-473A-841B-C5D6AC173C24}.Debug|Any CPU.Build.0 = Debug|Any CPU
		{2D6730FD-75DA-473A-841B-C5D6AC173C24}.Debug|x64.ActiveCfg = Debug|x64
		{2D6730FD-75DA-473A-841B-C5D6AC173C24}.Debug|x64.Build.0 = Debug|x64
		{2D6730FD-75DA-473A-841B-C5D6AC173C24}.Debug|x86.ActiveCfg = Debug|x86
		{2D6730FD-75DA-473A-841B-C5D6AC173C24}.Debug|x86.Build.0 = Debug|x86
		{2D6730FD-75DA-473A-841B-C5D6AC173C24}.Release|Any CPU.ActiveCfg = Release|Any CPU
		{2D6730FD-75DA-473A-841B-C5D6AC173C24}.Release|Any CPU.Build.0 = Release|Any CPU
		{2D6730FD-75DA-473A-841B-C5D6AC173C24}.Release|x64.ActiveCfg = Release|x64
		{2D6730FD-75DA-473A-841B-C5D6AC173C24}.Release|x64.Build.0 = Release|x64
		{2D6730FD-75DA-473A-841B-C5D6AC173C24}.Release|x86.ActiveCfg = Release|x86
		{2D6730FD-75DA-473A-841B-C5D6AC173C24}.Release|x86.Build.0 = Release|x86
		{6A7D7307-FF8C-4C62-A41C-5AA7589697C2}.Debug|Any CPU.ActiveCfg = Debug|Any CPU
		{6A7D7307-FF8C-4C62-A41C-5AA7589697C2}.Debug|Any CPU.Build.0 = Debug|Any CPU
		{6A7D7307-FF8C-4C62-A41C-5AA7589697C2}.Debug|x64.ActiveCfg = Debug|x64
		{6A7D7307-FF8C-4C62-A41C-5AA7589697C2}.Debug|x64.Build.0 = Debug|x64
		{6A7D7307-FF8C-4C62-A41C-5AA7589697C2}.Debug|x86.ActiveCfg = Debug|x86
		{6A7D7307-FF8C-4C62-A41C-5AA7589697C2}.Debug|x86.Build.0 = Debug|x86
		{6A7D7307-FF8C-4C62-A41C-5AA7589697C2}.Release|Any CPU.ActiveCfg = Release|Any CPU
		{6A7D7307-FF8C-4C62-A41C-5AA7589697C2}.Release|Any CPU.Build.0 = Release|Any CPU
		{6A7D7307-FF8C-4C62-A41C-5AA7589697C2}.Release|x64.ActiveCfg = Release|x64
		{6A7D7307-FF8C-4C62-A41C-5AA7589697C2}.Release|x64.Build.0 = Release|x64
		{6A7D7307-FF8C-4C62-A41C-5AA7589697C2}.Release|x86.ActiveCfg = Release|x86
		{6A7D7307-FF8C-4C62-A41C-5AA7589697C2}.Release|x86.Build.0 = Release|x86
		{53EBE073-F03A-4511-ACF2-A28CF23FBA65}.Debug|Any CPU.ActiveCfg = Debug|Any CPU
		{53EBE073-F03A-4511-ACF2-A28CF23FBA65}.Debug|Any CPU.Build.0 = Debug|Any CPU
		{53EBE073-F03A-4511-ACF2-A28CF23FBA65}.Debug|x64.ActiveCfg = Debug|x64
		{53EBE073-F03A-4511-ACF2-A28CF23FBA65}.Debug|x64.Build.0 = Debug|x64
		{53EBE073-F03A-4511-ACF2-A28CF23FBA65}.Debug|x86.ActiveCfg = Debug|x86
		{53EBE073-F03A-4511-ACF2-A28CF23FBA65}.Debug|x86.Build.0 = Debug|x86
		{53EBE073-F03A-4511-ACF2-A28CF23FBA65}.Release|Any CPU.ActiveCfg = Release|Any CPU
		{53EBE073-F03A-4511-ACF2-A28CF23FBA65}.Release|Any CPU.Build.0 = Release|Any CPU
		{53EBE073-F03A-4511-ACF2-A28CF23FBA65}.Release|x64.ActiveCfg = Release|x64
		{53EBE073-F03A-4511-ACF2-A28CF23FBA65}.Release|x64.Build.0 = Release|x64
		{53EBE073-F03A-4511-ACF2-A28CF23FBA65}.Release|x86.ActiveCfg = Release|x86
		{53EBE073-F03A-4511-ACF2-A28CF23FBA65}.Release|x86.Build.0 = Release|x86
		{631DCF44-5241-457A-A484-93115C32ED81}.Debug|Any CPU.ActiveCfg = Debug|Any CPU
		{631DCF44-5241-457A-A484-93115C32ED81}.Debug|Any CPU.Build.0 = Debug|Any CPU
		{631DCF44-5241-457A-A484-93115C32ED81}.Debug|x64.ActiveCfg = Debug|x64
		{631DCF44-5241-457A-A484-93115C32ED81}.Debug|x64.Build.0 = Debug|x64
		{631DCF44-5241-457A-A484-93115C32ED81}.Debug|x86.ActiveCfg = Debug|x86
		{631DCF44-5241-457A-A484-93115C32ED81}.Debug|x86.Build.0 = Debug|x86
		{631DCF44-5241-457A-A484-93115C32ED81}.Release|Any CPU.ActiveCfg = Release|Any CPU
		{631DCF44-5241-457A-A484-93115C32ED81}.Release|Any CPU.Build.0 = Release|Any CPU
		{631DCF44-5241-457A-A484-93115C32ED81}.Release|x64.ActiveCfg = Release|x64
		{631DCF44-5241-457A-A484-93115C32ED81}.Release|x64.Build.0 = Release|x64
		{631DCF44-5241-457A-A484-93115C32ED81}.Release|x86.ActiveCfg = Release|x86
		{631DCF44-5241-457A-A484-93115C32ED81}.Release|x86.Build.0 = Release|x86
		{D953BBC5-50AD-481B-9979-8C7B9653751C}.Debug|Any CPU.ActiveCfg = Debug|Any CPU
		{D953BBC5-50AD-481B-9979-8C7B9653751C}.Debug|Any CPU.Build.0 = Debug|Any CPU
		{D953BBC5-50AD-481B-9979-8C7B9653751C}.Debug|x64.ActiveCfg = Debug|x64
		{D953BBC5-50AD-481B-9979-8C7B9653751C}.Debug|x64.Build.0 = Debug|x64
		{D953BBC5-50AD-481B-9979-8C7B9653751C}.Debug|x86.ActiveCfg = Debug|x86
		{D953BBC5-50AD-481B-9979-8C7B9653751C}.Debug|x86.Build.0 = Debug|x86
		{D953BBC5-50AD-481B-9979-8C7B9653751C}.Release|Any CPU.ActiveCfg = Release|Any CPU
		{D953BBC5-50AD-481B-9979-8C7B9653751C}.Release|Any CPU.Build.0 = Release|Any CPU
		{D953BBC5-50AD-481B-9979-8C7B9653751C}.Release|x64.ActiveCfg = Release|x64
		{D953BBC5-50AD-481B-9979-8C7B9653751C}.Release|x64.Build.0 = Release|x64
		{D953BBC5-50AD-481B-9979-8C7B9653751C}.Release|x86.ActiveCfg = Release|x86
		{D953BBC5-50AD-481B-9979-8C7B9653751C}.Release|x86.Build.0 = Release|x86
		{4C27CD8B-D041-4D1A-B470-2FEDE18DBB91}.Debug|Any CPU.ActiveCfg = Debug|Any CPU
		{4C27CD8B-D041-4D1A-B470-2FEDE18DBB91}.Debug|Any CPU.Build.0 = Debug|Any CPU
		{4C27CD8B-D041-4D1A-B470-2FEDE18DBB91}.Debug|x64.ActiveCfg = Debug|x64
		{4C27CD8B-D041-4D1A-B470-2FEDE18DBB91}.Debug|x64.Build.0 = Debug|x64
		{4C27CD8B-D041-4D1A-B470-2FEDE18DBB91}.Debug|x86.ActiveCfg = Debug|x86
		{4C27CD8B-D041-4D1A-B470-2FEDE18DBB91}.Debug|x86.Build.0 = Debug|x86
		{4C27CD8B-D041-4D1A-B470-2FEDE18DBB91}.Release|Any CPU.ActiveCfg = Release|Any CPU
		{4C27CD8B-D041-4D1A-B470-2FEDE18DBB91}.Release|Any CPU.Build.0 = Release|Any CPU
		{4C27CD8B-D041-4D1A-B470-2FEDE18DBB91}.Release|x64.ActiveCfg = Release|x64
		{4C27CD8B-D041-4D1A-B470-2FEDE18DBB91}.Release|x64.Build.0 = Release|x64
		{4C27CD8B-D041-4D1A-B470-2FEDE18DBB91}.Release|x86.ActiveCfg = Release|x86
		{4C27CD8B-D041-4D1A-B470-2FEDE18DBB91}.Release|x86.Build.0 = Release|x86
		{E5FCC21E-6BFF-472C-8636-7240937C99CB}.Debug|Any CPU.ActiveCfg = Debug|Any CPU
		{E5FCC21E-6BFF-472C-8636-7240937C99CB}.Debug|Any CPU.Build.0 = Debug|Any CPU
		{E5FCC21E-6BFF-472C-8636-7240937C99CB}.Debug|x64.ActiveCfg = Debug|x64
		{E5FCC21E-6BFF-472C-8636-7240937C99CB}.Debug|x64.Build.0 = Debug|x64
		{E5FCC21E-6BFF-472C-8636-7240937C99CB}.Debug|x86.ActiveCfg = Debug|x86
		{E5FCC21E-6BFF-472C-8636-7240937C99CB}.Debug|x86.Build.0 = Debug|x86
		{E5FCC21E-6BFF-472C-8636-7240937C99CB}.Release|Any CPU.ActiveCfg = Release|Any CPU
		{E5FCC21E-6BFF-472C-8636-7240937C99CB}.Release|Any CPU.Build.0 = Release|Any CPU
		{E5FCC21E-6BFF-472C-8636-7240937C99CB}.Release|x64.ActiveCfg = Release|x64
		{E5FCC21E-6BFF-472C-8636-7240937C99CB}.Release|x64.Build.0 = Release|x64
		{E5FCC21E-6BFF-472C-8636-7240937C99CB}.Release|x86.ActiveCfg = Release|x86
		{E5FCC21E-6BFF-472C-8636-7240937C99CB}.Release|x86.Build.0 = Release|x86
		{2B6CC15E-8FAD-4294-944F-D3775402819A}.Debug|Any CPU.ActiveCfg = Debug|Any CPU
		{2B6CC15E-8FAD-4294-944F-D3775402819A}.Debug|Any CPU.Build.0 = Debug|Any CPU
		{2B6CC15E-8FAD-4294-944F-D3775402819A}.Debug|x64.ActiveCfg = Debug|x64
		{2B6CC15E-8FAD-4294-944F-D3775402819A}.Debug|x64.Build.0 = Debug|x64
		{2B6CC15E-8FAD-4294-944F-D3775402819A}.Debug|x86.ActiveCfg = Debug|x86
		{2B6CC15E-8FAD-4294-944F-D3775402819A}.Debug|x86.Build.0 = Debug|x86
		{2B6CC15E-8FAD-4294-944F-D3775402819A}.Release|Any CPU.ActiveCfg = Release|Any CPU
		{2B6CC15E-8FAD-4294-944F-D3775402819A}.Release|Any CPU.Build.0 = Release|Any CPU
		{2B6CC15E-8FAD-4294-944F-D3775402819A}.Release|x64.ActiveCfg = Release|x64
		{2B6CC15E-8FAD-4294-944F-D3775402819A}.Release|x64.Build.0 = Release|x64
		{2B6CC15E-8FAD-4294-944F-D3775402819A}.Release|x86.ActiveCfg = Release|x86
		{2B6CC15E-8FAD-4294-944F-D3775402819A}.Release|x86.Build.0 = Release|x86
		{6AC15925-A8B0-4FC6-BB9B-5B1971DC12EF}.Debug|Any CPU.ActiveCfg = Debug|Any CPU
		{6AC15925-A8B0-4FC6-BB9B-5B1971DC12EF}.Debug|Any CPU.Build.0 = Debug|Any CPU
		{6AC15925-A8B0-4FC6-BB9B-5B1971DC12EF}.Debug|x64.ActiveCfg = Debug|Any CPU
		{6AC15925-A8B0-4FC6-BB9B-5B1971DC12EF}.Debug|x64.Build.0 = Debug|Any CPU
		{6AC15925-A8B0-4FC6-BB9B-5B1971DC12EF}.Debug|x86.ActiveCfg = Debug|Any CPU
		{6AC15925-A8B0-4FC6-BB9B-5B1971DC12EF}.Debug|x86.Build.0 = Debug|Any CPU
		{6AC15925-A8B0-4FC6-BB9B-5B1971DC12EF}.Release|Any CPU.ActiveCfg = Release|Any CPU
		{6AC15925-A8B0-4FC6-BB9B-5B1971DC12EF}.Release|Any CPU.Build.0 = Release|Any CPU
		{6AC15925-A8B0-4FC6-BB9B-5B1971DC12EF}.Release|x64.ActiveCfg = Release|Any CPU
		{6AC15925-A8B0-4FC6-BB9B-5B1971DC12EF}.Release|x64.Build.0 = Release|Any CPU
		{6AC15925-A8B0-4FC6-BB9B-5B1971DC12EF}.Release|x86.ActiveCfg = Release|Any CPU
		{6AC15925-A8B0-4FC6-BB9B-5B1971DC12EF}.Release|x86.Build.0 = Release|Any CPU
		{48ADA52A-123D-4BC9-B57B-D320F2EC3745}.Debug|Any CPU.ActiveCfg = Debug|Any CPU
		{48ADA52A-123D-4BC9-B57B-D320F2EC3745}.Debug|Any CPU.Build.0 = Debug|Any CPU
		{48ADA52A-123D-4BC9-B57B-D320F2EC3745}.Debug|x64.ActiveCfg = Debug|Any CPU
		{48ADA52A-123D-4BC9-B57B-D320F2EC3745}.Debug|x64.Build.0 = Debug|Any CPU
		{48ADA52A-123D-4BC9-B57B-D320F2EC3745}.Debug|x86.ActiveCfg = Debug|Any CPU
		{48ADA52A-123D-4BC9-B57B-D320F2EC3745}.Debug|x86.Build.0 = Debug|Any CPU
		{48ADA52A-123D-4BC9-B57B-D320F2EC3745}.Release|Any CPU.ActiveCfg = Release|Any CPU
		{48ADA52A-123D-4BC9-B57B-D320F2EC3745}.Release|Any CPU.Build.0 = Release|Any CPU
		{48ADA52A-123D-4BC9-B57B-D320F2EC3745}.Release|x64.ActiveCfg = Release|Any CPU
		{48ADA52A-123D-4BC9-B57B-D320F2EC3745}.Release|x64.Build.0 = Release|Any CPU
		{48ADA52A-123D-4BC9-B57B-D320F2EC3745}.Release|x86.ActiveCfg = Release|Any CPU
		{48ADA52A-123D-4BC9-B57B-D320F2EC3745}.Release|x86.Build.0 = Release|Any CPU
		{6ACEC94F-0D5B-4B2A-89DE-74B4128AD9E3}.Debug|Any CPU.ActiveCfg = Debug|Any CPU
		{6ACEC94F-0D5B-4B2A-89DE-74B4128AD9E3}.Debug|Any CPU.Build.0 = Debug|Any CPU
		{6ACEC94F-0D5B-4B2A-89DE-74B4128AD9E3}.Debug|x64.ActiveCfg = Debug|Any CPU
		{6ACEC94F-0D5B-4B2A-89DE-74B4128AD9E3}.Debug|x64.Build.0 = Debug|Any CPU
		{6ACEC94F-0D5B-4B2A-89DE-74B4128AD9E3}.Debug|x86.ActiveCfg = Debug|Any CPU
		{6ACEC94F-0D5B-4B2A-89DE-74B4128AD9E3}.Debug|x86.Build.0 = Debug|Any CPU
		{6ACEC94F-0D5B-4B2A-89DE-74B4128AD9E3}.Release|Any CPU.ActiveCfg = Release|Any CPU
		{6ACEC94F-0D5B-4B2A-89DE-74B4128AD9E3}.Release|Any CPU.Build.0 = Release|Any CPU
		{6ACEC94F-0D5B-4B2A-89DE-74B4128AD9E3}.Release|x64.ActiveCfg = Release|Any CPU
		{6ACEC94F-0D5B-4B2A-89DE-74B4128AD9E3}.Release|x64.Build.0 = Release|Any CPU
		{6ACEC94F-0D5B-4B2A-89DE-74B4128AD9E3}.Release|x86.ActiveCfg = Release|Any CPU
		{6ACEC94F-0D5B-4B2A-89DE-74B4128AD9E3}.Release|x86.Build.0 = Release|Any CPU
		{AECEB6F6-2FAC-41C7-BA6A-C69EE9B35B91}.Debug|Any CPU.ActiveCfg = Debug|Any CPU
		{AECEB6F6-2FAC-41C7-BA6A-C69EE9B35B91}.Debug|Any CPU.Build.0 = Debug|Any CPU
		{AECEB6F6-2FAC-41C7-BA6A-C69EE9B35B91}.Debug|x64.ActiveCfg = Debug|Any CPU
		{AECEB6F6-2FAC-41C7-BA6A-C69EE9B35B91}.Debug|x64.Build.0 = Debug|Any CPU
		{AECEB6F6-2FAC-41C7-BA6A-C69EE9B35B91}.Debug|x86.ActiveCfg = Debug|Any CPU
		{AECEB6F6-2FAC-41C7-BA6A-C69EE9B35B91}.Debug|x86.Build.0 = Debug|Any CPU
		{AECEB6F6-2FAC-41C7-BA6A-C69EE9B35B91}.Release|Any CPU.ActiveCfg = Release|Any CPU
		{AECEB6F6-2FAC-41C7-BA6A-C69EE9B35B91}.Release|Any CPU.Build.0 = Release|Any CPU
		{AECEB6F6-2FAC-41C7-BA6A-C69EE9B35B91}.Release|x64.ActiveCfg = Release|Any CPU
		{AECEB6F6-2FAC-41C7-BA6A-C69EE9B35B91}.Release|x64.Build.0 = Release|Any CPU
		{AECEB6F6-2FAC-41C7-BA6A-C69EE9B35B91}.Release|x86.ActiveCfg = Release|Any CPU
		{AECEB6F6-2FAC-41C7-BA6A-C69EE9B35B91}.Release|x86.Build.0 = Release|Any CPU
		{B5AA86A0-5CA4-482C-88C9-F6BB4C863FFB}.Debug|Any CPU.ActiveCfg = Debug|Any CPU
		{B5AA86A0-5CA4-482C-88C9-F6BB4C863FFB}.Debug|Any CPU.Build.0 = Debug|Any CPU
		{B5AA86A0-5CA4-482C-88C9-F6BB4C863FFB}.Debug|x64.ActiveCfg = Debug|x64
		{B5AA86A0-5CA4-482C-88C9-F6BB4C863FFB}.Debug|x64.Build.0 = Debug|x64
		{B5AA86A0-5CA4-482C-88C9-F6BB4C863FFB}.Debug|x86.ActiveCfg = Debug|x86
		{B5AA86A0-5CA4-482C-88C9-F6BB4C863FFB}.Debug|x86.Build.0 = Debug|x86
		{B5AA86A0-5CA4-482C-88C9-F6BB4C863FFB}.Release|Any CPU.ActiveCfg = Release|Any CPU
		{B5AA86A0-5CA4-482C-88C9-F6BB4C863FFB}.Release|Any CPU.Build.0 = Release|Any CPU
		{B5AA86A0-5CA4-482C-88C9-F6BB4C863FFB}.Release|x64.ActiveCfg = Release|x64
		{B5AA86A0-5CA4-482C-88C9-F6BB4C863FFB}.Release|x64.Build.0 = Release|x64
		{B5AA86A0-5CA4-482C-88C9-F6BB4C863FFB}.Release|x86.ActiveCfg = Release|x86
		{B5AA86A0-5CA4-482C-88C9-F6BB4C863FFB}.Release|x86.Build.0 = Release|x86
		{1B056A77-4BDC-4A12-BAE8-F50B6009FCF5}.Debug|Any CPU.ActiveCfg = Debug|Any CPU
		{1B056A77-4BDC-4A12-BAE8-F50B6009FCF5}.Debug|Any CPU.Build.0 = Debug|Any CPU
		{1B056A77-4BDC-4A12-BAE8-F50B6009FCF5}.Debug|x64.ActiveCfg = Debug|Any CPU
		{1B056A77-4BDC-4A12-BAE8-F50B6009FCF5}.Debug|x64.Build.0 = Debug|Any CPU
		{1B056A77-4BDC-4A12-BAE8-F50B6009FCF5}.Debug|x86.ActiveCfg = Debug|Any CPU
		{1B056A77-4BDC-4A12-BAE8-F50B6009FCF5}.Debug|x86.Build.0 = Debug|Any CPU
		{1B056A77-4BDC-4A12-BAE8-F50B6009FCF5}.Release|Any CPU.ActiveCfg = Release|Any CPU
		{1B056A77-4BDC-4A12-BAE8-F50B6009FCF5}.Release|Any CPU.Build.0 = Release|Any CPU
		{1B056A77-4BDC-4A12-BAE8-F50B6009FCF5}.Release|x64.ActiveCfg = Release|Any CPU
		{1B056A77-4BDC-4A12-BAE8-F50B6009FCF5}.Release|x64.Build.0 = Release|Any CPU
		{1B056A77-4BDC-4A12-BAE8-F50B6009FCF5}.Release|x86.ActiveCfg = Release|Any CPU
		{1B056A77-4BDC-4A12-BAE8-F50B6009FCF5}.Release|x86.Build.0 = Release|Any CPU
		{F6B56A27-0BF7-41DF-99BF-A76DC2DBBEBA}.Debug|Any CPU.ActiveCfg = Debug
		{F6B56A27-0BF7-41DF-99BF-A76DC2DBBEBA}.Debug|x64.ActiveCfg = Debug
		{F6B56A27-0BF7-41DF-99BF-A76DC2DBBEBA}.Debug|x86.ActiveCfg = Debug
		{F6B56A27-0BF7-41DF-99BF-A76DC2DBBEBA}.Release|Any CPU.ActiveCfg = Release
		{F6B56A27-0BF7-41DF-99BF-A76DC2DBBEBA}.Release|x64.ActiveCfg = Release
		{F6B56A27-0BF7-41DF-99BF-A76DC2DBBEBA}.Release|x86.ActiveCfg = Release
	EndGlobalSection
	GlobalSection(SolutionProperties) = preSolution
		HideSolutionNode = FALSE
	EndGlobalSection
	GlobalSection(NestedProjects) = preSolution
		{818F113A-9BA9-4738-B765-D8ED16B35403} = {1F730B5C-F9A8-4E98-B6E5-6B09897DDEFF}
		{4E68B1C7-2420-49B9-9B34-295A01B715D0} = {A605C178-4726-4440-9881-6DDDDA8790E1}
		{2D6730FD-75DA-473A-841B-C5D6AC173C24} = {A605C178-4726-4440-9881-6DDDDA8790E1}
		{53EBE073-F03A-4511-ACF2-A28CF23FBA65} = {6679E79A-CB2E-4450-BE72-F575E681F9AF}
		{631DCF44-5241-457A-A484-93115C32ED81} = {6679E79A-CB2E-4450-BE72-F575E681F9AF}
		{4C27CD8B-D041-4D1A-B470-2FEDE18DBB91} = {6679E79A-CB2E-4450-BE72-F575E681F9AF}
		{E5FCC21E-6BFF-472C-8636-7240937C99CB} = {1F730B5C-F9A8-4E98-B6E5-6B09897DDEFF}
		{2B6CC15E-8FAD-4294-944F-D3775402819A} = {1F730B5C-F9A8-4E98-B6E5-6B09897DDEFF}
		{6AC15925-A8B0-4FC6-BB9B-5B1971DC12EF} = {1F730B5C-F9A8-4E98-B6E5-6B09897DDEFF}
		{48ADA52A-123D-4BC9-B57B-D320F2EC3745} = {1F730B5C-F9A8-4E98-B6E5-6B09897DDEFF}
		{AECEB6F6-2FAC-41C7-BA6A-C69EE9B35B91} = {6679E79A-CB2E-4450-BE72-F575E681F9AF}
		{1B056A77-4BDC-4A12-BAE8-F50B6009FCF5} = {1F730B5C-F9A8-4E98-B6E5-6B09897DDEFF}
	EndGlobalSection
	GlobalSection(ExtensibilityGlobals) = postSolution
		SolutionGuid = {A73EB74B-8811-4F11-A4C9-0A33E05FFD7F}
	EndGlobalSection
EndGlobal
